
Microsoft Visual Studio Solution File, Format Version 12.00
# Visual Studio Version 16
VisualStudioVersion = 16.0.30717.126
MinimumVisualStudioVersion = 10.0.40219.1
Project("{FAE04EC0-301F-11D3-BF4B-00C04F79EFBC}") = "DBApp", "DBApp\DBApp.csproj", "{261CE4CA-CFC4-4250-928B-5BF937830373}"
EndProject
Global
	GlobalSection(SolutionConfigurationPlatforms) = preSolution
		Debug|Any CPU = Debug|Any CPU
		Release|Any CPU = Release|Any CPU
	EndGlobalSection
	GlobalSection(ProjectConfigurationPlatforms) = postSolution
		{261CE4CA-CFC4-4250-928B-5BF937830373}.Debug|Any CPU.ActiveCfg = Debug|Any CPU
		{261CE4CA-CFC4-4250-928B-5BF937830373}.Debug|Any CPU.Build.0 = Debug|Any CPU
		{261CE4CA-CFC4-4250-928B-5BF937830373}.Release|Any CPU.ActiveCfg = Release|Any CPU
		{261CE4CA-CFC4-4250-928B-5BF937830373}.Release|Any CPU.Build.0 = Release|Any CPU
	EndGlobalSection
	GlobalSection(SolutionProperties) = preSolution
		HideSolutionNode = FALSE
	EndGlobalSection
	GlobalSection(ExtensibilityGlobals) = postSolution
		SolutionGuid = {98B8DDB1-303C-44C4-935A-68C141B5C5EC}
	EndGlobalSection
EndGlobal
